
Microsoft Visual Studio Solution File, Format Version 12.00
# Visual Studio Version 17
VisualStudioVersion = 17.4.33213.308
MinimumVisualStudioVersion = 10.0.40219.1
Project("{2150E333-8FDC-42A3-9474-1A3956D46DE8}") = "paskaita2", "paskaita2", "{0E405BE7-5061-476E-89B4-69030C2D35B3}"
EndProject
Project("{FAE04EC0-301F-11D3-BF4B-00C04F79EFBC}") = "Uzduotis05", "Uzduotis05\Uzduotis05.csproj", "{1AD072D3-13B3-4109-BC43-3BD65622FDAB}"
EndProject
Project("{FAE04EC0-301F-11D3-BF4B-00C04F79EFBC}") = "Uzduotis06", "Uzduotis06\Uzduotis06.csproj", "{FA2F397D-190E-4F9F-B3CC-48EB05885F85}"
EndProject
Project("{FAE04EC0-301F-11D3-BF4B-00C04F79EFBC}") = "Uzduotis07", "Uzduotis07\Uzduotis07.csproj", "{28839489-A0B2-4C52-9449-370C2BF15E02}"
EndProject
Project("{FAE04EC0-301F-11D3-BF4B-00C04F79EFBC}") = "Uzduotis08", "Uzduotis08\Uzduotis08.csproj", "{D7597990-6D44-4FFB-B7BC-4E090704C63C}"
EndProject
Project("{FAE04EC0-301F-11D3-BF4B-00C04F79EFBC}") = "Uzduotis09", "Uzduotis09\Uzduotis09.csproj", "{3DF28D8B-E3D9-4160-906E-371A152778B6}"
EndProject
Project("{FAE04EC0-301F-11D3-BF4B-00C04F79EFBC}") = "Uzduotis10", "Uzduotis10\Uzduotis10.csproj", "{041CB7A2-231F-4576-8D7B-3FF12316DAB6}"
EndProject
Project("{FAE04EC0-301F-11D3-BF4B-00C04F79EFBC}") = "Uzduotis11", "Uzduotis11\Uzduotis11.csproj", "{EC665F59-9861-4D25-92C5-9B56F644E0E1}"
EndProject
Project("{FAE04EC0-301F-11D3-BF4B-00C04F79EFBC}") = "Uzduotis12", "Uzduotis12\Uzduotis12.csproj", "{1D0494B8-8274-4AF4-90DF-3D89EA474724}"
EndProject
Global
	GlobalSection(SolutionConfigurationPlatforms) = preSolution
		Debug|Any CPU = Debug|Any CPU
		Release|Any CPU = Release|Any CPU
	EndGlobalSection
	GlobalSection(ProjectConfigurationPlatforms) = postSolution
		{1AD072D3-13B3-4109-BC43-3BD65622FDAB}.Debug|Any CPU.ActiveCfg = Debug|Any CPU
		{1AD072D3-13B3-4109-BC43-3BD65622FDAB}.Debug|Any CPU.Build.0 = Debug|Any CPU
		{1AD072D3-13B3-4109-BC43-3BD65622FDAB}.Release|Any CPU.ActiveCfg = Release|Any CPU
		{1AD072D3-13B3-4109-BC43-3BD65622FDAB}.Release|Any CPU.Build.0 = Release|Any CPU
		{FA2F397D-190E-4F9F-B3CC-48EB05885F85}.Debug|Any CPU.ActiveCfg = Debug|Any CPU
		{FA2F397D-190E-4F9F-B3CC-48EB05885F85}.Debug|Any CPU.Build.0 = Debug|Any CPU
		{FA2F397D-190E-4F9F-B3CC-48EB05885F85}.Release|Any CPU.ActiveCfg = Release|Any CPU
		{FA2F397D-190E-4F9F-B3CC-48EB05885F85}.Release|Any CPU.Build.0 = Release|Any CPU
		{28839489-A0B2-4C52-9449-370C2BF15E02}.Debug|Any CPU.ActiveCfg = Debug|Any CPU
		{28839489-A0B2-4C52-9449-370C2BF15E02}.Debug|Any CPU.Build.0 = Debug|Any CPU
		{28839489-A0B2-4C52-9449-370C2BF15E02}.Release|Any CPU.ActiveCfg = Release|Any CPU
		{28839489-A0B2-4C52-9449-370C2BF15E02}.Release|Any CPU.Build.0 = Release|Any CPU
		{D7597990-6D44-4FFB-B7BC-4E090704C63C}.Debug|Any CPU.ActiveCfg = Debug|Any CPU
		{D7597990-6D44-4FFB-B7BC-4E090704C63C}.Debug|Any CPU.Build.0 = Debug|Any CPU
		{D7597990-6D44-4FFB-B7BC-4E090704C63C}.Release|Any CPU.ActiveCfg = Release|Any CPU
		{D7597990-6D44-4FFB-B7BC-4E090704C63C}.Release|Any CPU.Build.0 = Release|Any CPU
		{3DF28D8B-E3D9-4160-906E-371A152778B6}.Debug|Any CPU.ActiveCfg = Debug|Any CPU
		{3DF28D8B-E3D9-4160-906E-371A152778B6}.Debug|Any CPU.Build.0 = Debug|Any CPU
		{3DF28D8B-E3D9-4160-906E-371A152778B6}.Release|Any CPU.ActiveCfg = Release|Any CPU
		{3DF28D8B-E3D9-4160-906E-371A152778B6}.Release|Any CPU.Build.0 = Release|Any CPU
		{041CB7A2-231F-4576-8D7B-3FF12316DAB6}.Debug|Any CPU.ActiveCfg = Debug|Any CPU
		{041CB7A2-231F-4576-8D7B-3FF12316DAB6}.Debug|Any CPU.Build.0 = Debug|Any CPU
		{041CB7A2-231F-4576-8D7B-3FF12316DAB6}.Release|Any CPU.ActiveCfg = Release|Any CPU
		{041CB7A2-231F-4576-8D7B-3FF12316DAB6}.Release|Any CPU.Build.0 = Release|Any CPU
		{EC665F59-9861-4D25-92C5-9B56F644E0E1}.Debug|Any CPU.ActiveCfg = Debug|Any CPU
		{EC665F59-9861-4D25-92C5-9B56F644E0E1}.Debug|Any CPU.Build.0 = Debug|Any CPU
		{EC665F59-9861-4D25-92C5-9B56F644E0E1}.Release|Any CPU.ActiveCfg = Release|Any CPU
		{EC665F59-9861-4D25-92C5-9B56F644E0E1}.Release|Any CPU.Build.0 = Release|Any CPU
		{1D0494B8-8274-4AF4-90DF-3D89EA474724}.Debug|Any CPU.ActiveCfg = Debug|Any CPU
		{1D0494B8-8274-4AF4-90DF-3D89EA474724}.Debug|Any CPU.Build.0 = Debug|Any CPU
		{1D0494B8-8274-4AF4-90DF-3D89EA474724}.Release|Any CPU.ActiveCfg = Release|Any CPU
		{1D0494B8-8274-4AF4-90DF-3D89EA474724}.Release|Any CPU.Build.0 = Release|Any CPU
	EndGlobalSection
	GlobalSection(SolutionProperties) = preSolution
		HideSolutionNode = FALSE
	EndGlobalSection
	GlobalSection(NestedProjects) = preSolution
		{3DF28D8B-E3D9-4160-906E-371A152778B6} = {0E405BE7-5061-476E-89B4-69030C2D35B3}
		{041CB7A2-231F-4576-8D7B-3FF12316DAB6} = {0E405BE7-5061-476E-89B4-69030C2D35B3}
		{EC665F59-9861-4D25-92C5-9B56F644E0E1} = {0E405BE7-5061-476E-89B4-69030C2D35B3}
		{1D0494B8-8274-4AF4-90DF-3D89EA474724} = {0E405BE7-5061-476E-89B4-69030C2D35B3}
	EndGlobalSection
	GlobalSection(ExtensibilityGlobals) = postSolution
		SolutionGuid = {F5ECB238-E813-4399-A5B3-322AF8EBC10D}
	EndGlobalSection
EndGlobal
