
Microsoft Visual Studio Solution File, Format Version 12.00
# Visual Studio Version 17
VisualStudioVersion = 17.4.33213.308
MinimumVisualStudioVersion = 10.0.40219.1
Project("{FAE04EC0-301F-11D3-BF4B-00C04F79EFBC}") = "Uzduotis30", "Uzduotis30\Uzduotis30.csproj", "{DBEF466B-F8CE-4859-86DE-B175F1934848}"
EndProject
Project("{FAE04EC0-301F-11D3-BF4B-00C04F79EFBC}") = "Uzduotis29", "Uzduotis29\Uzduotis29.csproj", "{7751EBAD-1E47-4B33-A3EF-3F4B55AC7C6F}"
EndProject
Project("{FAE04EC0-301F-11D3-BF4B-00C04F79EFBC}") = "Uzduotis28", "Uzduotis28\Uzduotis28.csproj", "{BD53A24C-A2C0-4C88-87A8-EF7395E6F1A4}"
EndProject
Project("{FAE04EC0-301F-11D3-BF4B-00C04F79EFBC}") = "Uzduotis27", "Uzduotis27\Uzduotis27.csproj", "{980D06AA-F9E3-4B1D-B95B-D41BC8F9D31C}"
EndProject
Project("{FAE04EC0-301F-11D3-BF4B-00C04F79EFBC}") = "Uzduotis26", "Uzduotis26\Uzduotis26.csproj", "{E7AEAE80-155A-4EDC-B272-83FA6F0B65BE}"
EndProject
Project("{FAE04EC0-301F-11D3-BF4B-00C04F79EFBC}") = "Uzduotis25", "Uzduotis25\Uzduotis25.csproj", "{D6CA84E3-DFCD-4637-A320-B54AB9D1342E}"
EndProject
Project("{FAE04EC0-301F-11D3-BF4B-00C04F79EFBC}") = "Uzduotis24", "Uzduotis24\Uzduotis24.csproj", "{B598C730-14D9-4C43-9FD6-14B7BBCF3DBD}"
EndProject
Project("{FAE04EC0-301F-11D3-BF4B-00C04F79EFBC}") = "Uzduotis23", "Uzduotis23\Uzduotis23.csproj", "{2FFC802F-8F8B-45BF-80FB-79514C988502}"
EndProject
Project("{FAE04EC0-301F-11D3-BF4B-00C04F79EFBC}") = "Uzduotis22", "Uzduotis22\Uzduotis22.csproj", "{89FB9B68-4C1A-4683-BD49-ECA45A0C6960}"
EndProject
Project("{FAE04EC0-301F-11D3-BF4B-00C04F79EFBC}") = "Uzduotis31", "Uzduotis31\Uzduotis31.csproj", "{8715F5CC-126A-4C31-B07B-8D8B0EED0061}"
EndProject
Project("{FAE04EC0-301F-11D3-BF4B-00C04F79EFBC}") = "Uzduotis32", "Uzduotis32\Uzduotis32.csproj", "{DBA12B70-4063-47A5-A32B-B0F86076827E}"
EndProject
Project("{FAE04EC0-301F-11D3-BF4B-00C04F79EFBC}") = "Uzduotis33", "Uzduotis33\Uzduotis33.csproj", "{8F08E39F-A0D6-4A38-B9FA-779B77137F02}"
EndProject
Global
	GlobalSection(SolutionConfigurationPlatforms) = preSolution
		Debug|Any CPU = Debug|Any CPU
		Release|Any CPU = Release|Any CPU
	EndGlobalSection
	GlobalSection(ProjectConfigurationPlatforms) = postSolution
		{DBEF466B-F8CE-4859-86DE-B175F1934848}.Debug|Any CPU.ActiveCfg = Debug|Any CPU
		{DBEF466B-F8CE-4859-86DE-B175F1934848}.Debug|Any CPU.Build.0 = Debug|Any CPU
		{DBEF466B-F8CE-4859-86DE-B175F1934848}.Release|Any CPU.ActiveCfg = Release|Any CPU
		{DBEF466B-F8CE-4859-86DE-B175F1934848}.Release|Any CPU.Build.0 = Release|Any CPU
		{7751EBAD-1E47-4B33-A3EF-3F4B55AC7C6F}.Debug|Any CPU.ActiveCfg = Debug|Any CPU
		{7751EBAD-1E47-4B33-A3EF-3F4B55AC7C6F}.Debug|Any CPU.Build.0 = Debug|Any CPU
		{7751EBAD-1E47-4B33-A3EF-3F4B55AC7C6F}.Release|Any CPU.ActiveCfg = Release|Any CPU
		{7751EBAD-1E47-4B33-A3EF-3F4B55AC7C6F}.Release|Any CPU.Build.0 = Release|Any CPU
		{BD53A24C-A2C0-4C88-87A8-EF7395E6F1A4}.Debug|Any CPU.ActiveCfg = Debug|Any CPU
		{BD53A24C-A2C0-4C88-87A8-EF7395E6F1A4}.Debug|Any CPU.Build.0 = Debug|Any CPU
		{BD53A24C-A2C0-4C88-87A8-EF7395E6F1A4}.Release|Any CPU.ActiveCfg = Release|Any CPU
		{BD53A24C-A2C0-4C88-87A8-EF7395E6F1A4}.Release|Any CPU.Build.0 = Release|Any CPU
		{980D06AA-F9E3-4B1D-B95B-D41BC8F9D31C}.Debug|Any CPU.ActiveCfg = Debug|Any CPU
		{980D06AA-F9E3-4B1D-B95B-D41BC8F9D31C}.Debug|Any CPU.Build.0 = Debug|Any CPU
		{980D06AA-F9E3-4B1D-B95B-D41BC8F9D31C}.Release|Any CPU.ActiveCfg = Release|Any CPU
		{980D06AA-F9E3-4B1D-B95B-D41BC8F9D31C}.Release|Any CPU.Build.0 = Release|Any CPU
		{E7AEAE80-155A-4EDC-B272-83FA6F0B65BE}.Debug|Any CPU.ActiveCfg = Debug|Any CPU
		{E7AEAE80-155A-4EDC-B272-83FA6F0B65BE}.Debug|Any CPU.Build.0 = Debug|Any CPU
		{E7AEAE80-155A-4EDC-B272-83FA6F0B65BE}.Release|Any CPU.ActiveCfg = Release|Any CPU
		{E7AEAE80-155A-4EDC-B272-83FA6F0B65BE}.Release|Any CPU.Build.0 = Release|Any CPU
		{D6CA84E3-DFCD-4637-A320-B54AB9D1342E}.Debug|Any CPU.ActiveCfg = Debug|Any CPU
		{D6CA84E3-DFCD-4637-A320-B54AB9D1342E}.Debug|Any CPU.Build.0 = Debug|Any CPU
		{D6CA84E3-DFCD-4637-A320-B54AB9D1342E}.Release|Any CPU.ActiveCfg = Release|Any CPU
		{D6CA84E3-DFCD-4637-A320-B54AB9D1342E}.Release|Any CPU.Build.0 = Release|Any CPU
		{B598C730-14D9-4C43-9FD6-14B7BBCF3DBD}.Debug|Any CPU.ActiveCfg = Debug|Any CPU
		{B598C730-14D9-4C43-9FD6-14B7BBCF3DBD}.Debug|Any CPU.Build.0 = Debug|Any CPU
		{B598C730-14D9-4C43-9FD6-14B7BBCF3DBD}.Release|Any CPU.ActiveCfg = Release|Any CPU
		{B598C730-14D9-4C43-9FD6-14B7BBCF3DBD}.Release|Any CPU.Build.0 = Release|Any CPU
		{2FFC802F-8F8B-45BF-80FB-79514C988502}.Debug|Any CPU.ActiveCfg = Debug|Any CPU
		{2FFC802F-8F8B-45BF-80FB-79514C988502}.Debug|Any CPU.Build.0 = Debug|Any CPU
		{2FFC802F-8F8B-45BF-80FB-79514C988502}.Release|Any CPU.ActiveCfg = Release|Any CPU
		{2FFC802F-8F8B-45BF-80FB-79514C988502}.Release|Any CPU.Build.0 = Release|Any CPU
		{89FB9B68-4C1A-4683-BD49-ECA45A0C6960}.Debug|Any CPU.ActiveCfg = Debug|Any CPU
		{89FB9B68-4C1A-4683-BD49-ECA45A0C6960}.Debug|Any CPU.Build.0 = Debug|Any CPU
		{89FB9B68-4C1A-4683-BD49-ECA45A0C6960}.Release|Any CPU.ActiveCfg = Release|Any CPU
		{89FB9B68-4C1A-4683-BD49-ECA45A0C6960}.Release|Any CPU.Build.0 = Release|Any CPU
		{8715F5CC-126A-4C31-B07B-8D8B0EED0061}.Debug|Any CPU.ActiveCfg = Debug|Any CPU
		{8715F5CC-126A-4C31-B07B-8D8B0EED0061}.Debug|Any CPU.Build.0 = Debug|Any CPU
		{8715F5CC-126A-4C31-B07B-8D8B0EED0061}.Release|Any CPU.ActiveCfg = Release|Any CPU
		{8715F5CC-126A-4C31-B07B-8D8B0EED0061}.Release|Any CPU.Build.0 = Release|Any CPU
		{DBA12B70-4063-47A5-A32B-B0F86076827E}.Debug|Any CPU.ActiveCfg = Debug|Any CPU
		{DBA12B70-4063-47A5-A32B-B0F86076827E}.Debug|Any CPU.Build.0 = Debug|Any CPU
		{DBA12B70-4063-47A5-A32B-B0F86076827E}.Release|Any CPU.ActiveCfg = Release|Any CPU
		{DBA12B70-4063-47A5-A32B-B0F86076827E}.Release|Any CPU.Build.0 = Release|Any CPU
		{8F08E39F-A0D6-4A38-B9FA-779B77137F02}.Debug|Any CPU.ActiveCfg = Debug|Any CPU
		{8F08E39F-A0D6-4A38-B9FA-779B77137F02}.Debug|Any CPU.Build.0 = Debug|Any CPU
		{8F08E39F-A0D6-4A38-B9FA-779B77137F02}.Release|Any CPU.ActiveCfg = Release|Any CPU
		{8F08E39F-A0D6-4A38-B9FA-779B77137F02}.Release|Any CPU.Build.0 = Release|Any CPU
	EndGlobalSection
	GlobalSection(SolutionProperties) = preSolution
		HideSolutionNode = FALSE
	EndGlobalSection
	GlobalSection(ExtensibilityGlobals) = postSolution
		SolutionGuid = {F5ECB238-E813-4399-A5B3-322AF8EBC10D}
	EndGlobalSection
EndGlobal
